PODS:
  - Flutter (1.0.0)
  - flutter_zendesk_support (1.0.0):
    - Flutter
    - ZendeskSupportSDK (~> 5.4.0)
  - ZendeskCommonUISDK (6.1.2)
  - ZendeskCoreSDK (2.6.0)
  - ZendeskMessagingAPISDK (3.8.3):
    - ZendeskSDKConfigurationsSDK (= 1.1.9)
  - ZendeskMessagingSDK (3.8.3):
    - ZendeskCommonUISDK (= 6.1.2)
    - ZendeskMessagingAPISDK (= 3.8.3)
  - ZendeskSDKConfigurationsSDK (1.1.9)
  - ZendeskSupportProvidersSDK (5.4.0):
    - ZendeskCoreSDK (= 2.6.0)
  - ZendeskSupportSDK (5.4.0):
    - ZendeskMessagingSDK (= 3.8.3)
    - ZendeskSupportProvidersSDK (= 5.4.0)

DEPENDENCIES:
  - Flutter (from `Flutter`)
  - flutter_zendesk_support (from `.symlinks/plugins/flutter_zendesk_support/ios`)

SPEC REPOS:
  trunk:
    - ZendeskCommonUISDK
    - ZendeskCoreSDK
    - ZendeskMessagingAPISDK
    - ZendeskMessagingSDK
    - ZendeskSDKConfigurationsSDK
    - ZendeskSupportProvidersSDK
    - ZendeskSupportSDK

EXTERNAL SOURCES:
  Flutter:
    :path: Flutter
  flutter_zendesk_support:
    :path: ".symlinks/plugins/flutter_zendesk_support/ios"

SPEC CHECKSUMS:
  Flutter: 50d75fe2f02b26cc09d224853bb45737f8b3214a
  flutter_zendesk_support: 78326f6e2e05c613b31c4efbc31491b0b5688428
  ZendeskCommonUISDK: 5f0a83f412e07ae23701f18c412fe783b3249ef5
  ZendeskCoreSDK: 9557685ad411841f3d99e784a91f26ab26aac5f5
  ZendeskMessagingAPISDK: db91be0c5cb88229d22f0e560ed99ba6e1dce02e
  ZendeskMessagingSDK: ce2750c0a3dbd40918ea2e2d44dd0dbe34d21bc8
  ZendeskSDKConfigurationsSDK: f91f54f3b41aa36ffbc43a37af9956752a062055
  ZendeskSupportProvidersSDK: 5b6e15ade182625d923bcc3edda963198a935562
  ZendeskSupportSDK: 404d2e3e368f5f99a3296f66d73395fcb7c7c660

PODFILE CHECKSUM: eb515eecf3b454e547f3dc5037556cdb1a4bda42

COCOAPODS: 1.11.2
